
Microsoft Visual Studio Solution File, Format Version 12.00
# Visual Studio Version 16
VisualStudioVersion = 16.0.29201.188
MinimumVisualStudioVersion = 10.0.40219.1
Project("{FAE04EC0-301F-11D3-BF4B-00C04F79EFBC}") = "UDPproject2", "UDPproject2\UDPproject2.csproj", "{04D516E5-7BB6-4B37-8701-8C499F561721}"
EndProject
Global
	GlobalSection(SolutionConfigurationPlatforms) = preSolution
		Debug|Any CPU = Debug|Any CPU
		Release|Any CPU = Release|Any CPU
	EndGlobalSection
	GlobalSection(ProjectConfigurationPlatforms) = postSolution
		{04D516E5-7BB6-4B37-8701-8C499F561721}.Debug|Any CPU.ActiveCfg = Debug|Any CPU
		{04D516E5-7BB6-4B37-8701-8C499F561721}.Debug|Any CPU.Build.0 = Debug|Any CPU
		{04D516E5-7BB6-4B37-8701-8C499F561721}.Release|Any CPU.ActiveCfg = Release|Any CPU
		{04D516E5-7BB6-4B37-8701-8C499F561721}.Release|Any CPU.Build.0 = Release|Any CPU
	EndGlobalSection
	GlobalSection(SolutionProperties) = preSolution
		HideSolutionNode = FALSE
	EndGlobalSection
	GlobalSection(ExtensibilityGlobals) = postSolution
		SolutionGuid = {4E65E483-4669-4E4C-A83B-DD207C281C00}
	EndGlobalSection
EndGlobal
